{
  "name": "frontend",
  "lockfileVersion": 3,
  "requires": true,
  "packages": {
    "": {
      "dependencies": {
        "electron-progressbar": "^2.2.1"
      }
    },
    "node_modules/electron-progressbar": {
      "version": "2.2.1",
      "resolved": "https://registry.npmjs.org/electron-progressbar/-/electron-progressbar-2.2.1.tgz",
      "integrity": "sha512-LQ9bxM3Tf5PG/1QngY8ywvht7IKvQ8tEIra8uh3RkLASqN/GYvr4r0uU9qz38r0Zn72UcouYzumKDfLwoI/rsw==",
      "license": "MIT",
      "dependencies": {
        "extend": "^3.0.1"
      }
    },
    "node_modules/extend": {
      "version": "3.0.2",
      "resolved": "https://registry.npmjs.org/extend/-/extend-3.0.2.tgz",
      "integrity": "sha512-fjquC59cD7CyW6urNXK0FBufkZcoiGG80wTuPujX590cB5Ttln20E2UB4S/WARVqhXffZl2LNgS+gQdPIIim/g==",
      "license": "MIT"
    }
  }
}
